
Microsoft Visual Studio Solution File, Format Version 11.00
# Visual Studio 2010
Project("{FAE04EC0-301F-11D3-BF4B-00C04F79EFBC}") = "Voice Control", "Assembly-CSharp.csproj", "{9A103A7C-CDC2-06D7-374E-31234D7981FC}"
EndProject
Project("{FAE04EC0-301F-11D3-BF4B-00C04F79EFBC}") = "Voice Control", "Assembly-CSharp-firstpass.csproj", "{0D6EAC51-EEA4-5B46-D16D-A170B00E507A}"
EndProject
Project("{FAE04EC0-301F-11D3-BF4B-00C04F79EFBC}") = "Voice Control", "Assembly-CSharp-Editor.csproj", "{4479E7B0-2A13-4304-7964-CC40127CF041}"
EndProject
Global
	GlobalSection(SolutionConfigurationPlatforms) = preSolution
		Debug|Any CPU = Debug|Any CPU
		Release|Any CPU = Release|Any CPU
	EndGlobalSection
	GlobalSection(ProjectConfigurationPlatforms) = postSolution
		{9A103A7C-CDC2-06D7-374E-31234D7981FC}.Debug|Any CPU.ActiveCfg = Debug|Any CPU
		{9A103A7C-CDC2-06D7-374E-31234D7981FC}.Debug|Any CPU.Build.0 = Debug|Any CPU
		{9A103A7C-CDC2-06D7-374E-31234D7981FC}.Release|Any CPU.ActiveCfg = Release|Any CPU
		{9A103A7C-CDC2-06D7-374E-31234D7981FC}.Release|Any CPU.Build.0 = Release|Any CPU
		{0D6EAC51-EEA4-5B46-D16D-A170B00E507A}.Debug|Any CPU.ActiveCfg = Debug|Any CPU
		{0D6EAC51-EEA4-5B46-D16D-A170B00E507A}.Debug|Any CPU.Build.0 = Debug|Any CPU
		{0D6EAC51-EEA4-5B46-D16D-A170B00E507A}.Release|Any CPU.ActiveCfg = Release|Any CPU
		{0D6EAC51-EEA4-5B46-D16D-A170B00E507A}.Release|Any CPU.Build.0 = Release|Any CPU
		{4479E7B0-2A13-4304-7964-CC40127CF041}.Debug|Any CPU.ActiveCfg = Debug|Any CPU
		{4479E7B0-2A13-4304-7964-CC40127CF041}.Debug|Any CPU.Build.0 = Debug|Any CPU
		{4479E7B0-2A13-4304-7964-CC40127CF041}.Release|Any CPU.ActiveCfg = Release|Any CPU
		{4479E7B0-2A13-4304-7964-CC40127CF041}.Release|Any CPU.Build.0 = Release|Any CPU
	EndGlobalSection
	GlobalSection(SolutionProperties) = preSolution
		HideSolutionNode = FALSE
	EndGlobalSection
	GlobalSection(MonoDevelopProperties) = preSolution
		StartupItem = Assembly-CSharp.csproj
	EndGlobalSection
EndGlobal
